{
  "requires": true,
  "lockfileVersion": 1,
  "dependencies": {
    "@ionic-native/sqlite": {
      "version": "5.9.0",
      "resolved": "https://registry.npmjs.org/@ionic-native/sqlite/-/sqlite-5.9.0.tgz",
      "integrity": "sha512-1LIvUNF9vaaOSDEX9oJIbAsvbpYtKi6A0IA2LeFQix9wgwnQ0UmEFeC84k4cEUwiyzHpygJlFDYkUsJQi+y6QQ==",
      "requires": {
        "@types/cordova": "^0.0.34"
      }
    },
    "@ionic-native/sqlite-porter": {
      "version": "5.9.0",
      "resolved": "https://registry.npmjs.org/@ionic-native/sqlite-porter/-/sqlite-porter-5.9.0.tgz",
      "integrity": "sha512-zNlnLCUpmB1Qn2cEQq2ZdOVGFqKHni2/BKfOLJU2sWVLlUsyp810oNFB0hArlNalgIHa521rBqAb5iroG1496w==",
      "requires": {
        "@types/cordova": "^0.0.34"
      }
    },
    "@types/cordova": {
      "version": "0.0.34",
      "resolved": "https://registry.npmjs.org/@types/cordova/-/cordova-0.0.34.tgz",
      "integrity": "sha1-6nrd907Ow9dimCegw54smt3HPQQ="
    }
  }
}
