// !$*UTF8*$!
{
	archiveVersion = 1;
	classes = {
	};
	objectVersion = 50;
	objects = {

/* Begin PBXBuildFile section */
		275D8CCB23385B7E0017763B /* AppDelegate.swift in Sources */ = {isa = PBXBuildFile; fileRef = 275D8CCA23385B7E0017763B /* AppDelegate.swift */; };
		275D8CCD23385B7E0017763B /* ViewController.swift in Sources */ = {isa = PBXBuildFile; fileRef = 275D8CCC23385B7E0017763B /* ViewController.swift */; };
		275D8CD023385B7E0017763B /* Main.storyboard in Resources */ = {isa = PBXBuildFile; fileRef = 275D8CCE23385B7E0017763B /* Main.storyboard */; };
		275D8CD223385B7F0017763B /* Assets.xcassets in Resources */ = {isa = PBXBuildFile; fileRef = 275D8CD123385B7F0017763B /* Assets.xcassets */; };
		275D8CD523385B7F0017763B /* LaunchScreen.storyboard in Resources */ = {isa = PBXBuildFile; fileRef = 275D8CD323385B7F0017763B /* LaunchScreen.storyboard */; };
		277D9B93233868B60049CE49 /* ServiceBase.swift in Sources */ = {isa = PBXBuildFile; fileRef = 277D9B92233868B60049CE49 /* ServiceBase.swift */; };
		277D9B95233868DC0049CE49 /* UserService.swift in Sources */ = {isa = PBXBuildFile; fileRef = 277D9B94233868DC0049CE49 /* UserService.swift */; };
		277D9B9A2338692C0049CE49 /* IServiceBase.swift in Sources */ = {isa = PBXBuildFile; fileRef = 277D9B982338692C0049CE49 /* IServiceBase.swift */; };
		277D9B9B2338692C0049CE49 /* IUserService.swift in Sources */ = {isa = PBXBuildFile; fileRef = 277D9B992338692C0049CE49 /* IUserService.swift */; };
		277D9BA22338694D0049CE49 /* UserRepository.swift in Sources */ = {isa = PBXBuildFile; fileRef = 277D9B9E2338694D0049CE49 /* UserRepository.swift */; };
		277D9BA32338694D0049CE49 /* RepositoryBase.swift in Sources */ = {isa = PBXBuildFile; fileRef = 277D9B9F2338694D0049CE49 /* RepositoryBase.swift */; };
		277D9BA7233869720049CE49 /* IRepositoryBase.swift in Sources */ = {isa = PBXBuildFile; fileRef = 277D9BA6233869720049CE49 /* IRepositoryBase.swift */; };
		277D9BA8233869720049CE49 /* IUserRepository.swift in Sources */ = {isa = PBXBuildFile; fileRef = 277D9BA5233869720049CE49 /* IUserRepository.swift */; };
		277D9BAB233869AB0049CE49 /* Entity.swift in Sources */ = {isa = PBXBuildFile; fileRef = 277D9BAA233869AB0049CE49 /* Entity.swift */; };
		277D9BAD233869B40049CE49 /* User.swift in Sources */ = {isa = PBXBuildFile; fileRef = 277D9BAC233869B40049CE49 /* User.swift */; };
		277D9BB423386A000049CE49 /* AlertUtil.swift in Sources */ = {isa = PBXBuildFile; fileRef = 277D9BB023386A000049CE49 /* AlertUtil.swift */; };
		277D9BB623386A000049CE49 /* SettingsUtil.swift in Sources */ = {isa = PBXBuildFile; fileRef = 277D9BB223386A000049CE49 /* SettingsUtil.swift */; };
/* End PBXBuildFile section */

/* Begin PBXFileReference section */
		275D8CC723385B7E0017763B /* PerfectMenu.app */ = {isa = PBXFileReference; explicitFileType = wrapper.application; includeInIndex = 0; path = PerfectMenu.app; sourceTree = BUILT_PRODUCTS_DIR; };
		275D8CCA23385B7E0017763B /* AppDelegate.swift */ = {isa = PBXFileReference; lastKnownFileType = sourcecode.swift; path = AppDelegate.swift; sourceTree = "<group>"; };
		275D8CCC23385B7E0017763B /* ViewController.swift */ = {isa = PBXFileReference; lastKnownFileType = sourcecode.swift; path = ViewController.swift; sourceTree = "<group>"; };
		275D8CCF23385B7E0017763B /* Base */ = {isa = PBXFileReference; lastKnownFileType = file.storyboard; name = Base; path = Base.lproj/Main.storyboard; sourceTree = "<group>"; };
		275D8CD123385B7F0017763B /* Assets.xcassets */ = {isa = PBXFileReference; lastKnownFileType = folder.assetcatalog; path = Assets.xcassets; sourceTree = "<group>"; };
		275D8CD423385B7F0017763B /* Base */ = {isa = PBXFileReference; lastKnownFileType = file.storyboard; name = Base; path = Base.lproj/LaunchScreen.storyboard; sourceTree = "<group>"; };
		275D8CD623385B7F0017763B /* Info.plist */ = {isa = PBXFileReference; lastKnownFileType = text.plist.xml; path = Info.plist; sourceTree = "<group>"; };
		277D9B92233868B60049CE49 /* ServiceBase.swift */ = {isa = PBXFileReference; lastKnownFileType = sourcecode.swift; path = ServiceBase.swift; sourceTree = "<group>"; };
		277D9B94233868DC0049CE49 /* UserService.swift */ = {isa = PBXFileReference; lastKnownFileType = sourcecode.swift; path = UserService.swift; sourceTree = "<group>"; };
		277D9B982338692C0049CE49 /* IServiceBase.swift */ = {isa = PBXFileReference; fileEncoding = 4; lastKnownFileType = sourcecode.swift; path = IServiceBase.swift; sourceTree = "<group>"; };
		277D9B992338692C0049CE49 /* IUserService.swift */ = {isa = PBXFileReference; fileEncoding = 4; lastKnownFileType = sourcecode.swift; path = IUserService.swift; sourceTree = "<group>"; };
		277D9B9E2338694D0049CE49 /* UserRepository.swift */ = {isa = PBXFileReference; fileEncoding = 4; lastKnownFileType = sourcecode.swift; path = UserRepository.swift; sourceTree = "<group>"; };
		277D9B9F2338694D0049CE49 /* RepositoryBase.swift */ = {isa = PBXFileReference; fileEncoding = 4; lastKnownFileType = sourcecode.swift; path = RepositoryBase.swift; sourceTree = "<group>"; };
		277D9BA5233869720049CE49 /* IUserRepository.swift */ = {isa = PBXFileReference; lastKnownFileType = sourcecode.swift; path = IUserRepository.swift; sourceTree = "<group>"; };
		277D9BA6233869720049CE49 /* IRepositoryBase.swift */ = {isa = PBXFileReference; lastKnownFileType = sourcecode.swift; path = IRepositoryBase.swift; sourceTree = "<group>"; };
		277D9BAA233869AB0049CE49 /* Entity.swift */ = {isa = PBXFileReference; fileEncoding = 4; lastKnownFileType = sourcecode.swift; path = Entity.swift; sourceTree = "<group>"; };
		277D9BAC233869B40049CE49 /* User.swift */ = {isa = PBXFileReference; fileEncoding = 4; lastKnownFileType = sourcecode.swift; path = User.swift; sourceTree = "<group>"; };
		277D9BB023386A000049CE49 /* AlertUtil.swift */ = {isa = PBXFileReference; fileEncoding = 4; lastKnownFileType = sourcecode.swift; path = AlertUtil.swift; sourceTree = "<group>"; };
		277D9BB223386A000049CE49 /* SettingsUtil.swift */ = {isa = PBXFileReference; fileEncoding = 4; lastKnownFileType = sourcecode.swift; path = SettingsUtil.swift; sourceTree = "<group>"; };
/* End PBXFileReference section */

/* Begin PBXFrameworksBuildPhase section */
		275D8CC423385B7E0017763B /* Frameworks */ = {
			isa = PBXFrameworksBuildPhase;
			buildActionMask = 2147483647;
			files = (
			);
			runOnlyForDeploymentPostprocessing = 0;
		};
/* End PBXFrameworksBuildPhase section */

/* Begin PBXGroup section */
		275D8CBE23385B7E0017763B = {
			isa = PBXGroup;
			children = (
				275D8CC923385B7E0017763B /* PerfectMenu */,
				275D8CC823385B7E0017763B /* Products */,
			);
			sourceTree = "<group>";
		};
		275D8CC823385B7E0017763B /* Products */ = {
			isa = PBXGroup;
			children = (
				275D8CC723385B7E0017763B /* PerfectMenu.app */,
			);
			name = Products;
			sourceTree = "<group>";
		};
		275D8CC923385B7E0017763B /* PerfectMenu */ = {
			isa = PBXGroup;
			children = (
				277D9BAF233869F80049CE49 /* Utils */,
				277D9BA92338699F0049CE49 /* Domain */,
				277D9B912338682B0049CE49 /* Views */,
				277D9B90233868220049CE49 /* Repositories */,
				277D9B8F233868120049CE49 /* Services */,
				275D8CCA23385B7E0017763B /* AppDelegate.swift */,
				275D8CCE23385B7E0017763B /* Main.storyboard */,
				275D8CD123385B7F0017763B /* Assets.xcassets */,
				275D8CD323385B7F0017763B /* LaunchScreen.storyboard */,
				275D8CD623385B7F0017763B /* Info.plist */,
			);
			path = PerfectMenu;
			sourceTree = "<group>";
		};
		277D9B8F233868120049CE49 /* Services */ = {
			isa = PBXGroup;
			children = (
				277D9B97233869190049CE49 /* Interfaces */,
				277D9B92233868B60049CE49 /* ServiceBase.swift */,
				277D9B94233868DC0049CE49 /* UserService.swift */,
			);
			path = Services;
			sourceTree = "<group>";
		};
		277D9B90233868220049CE49 /* Repositories */ = {
			isa = PBXGroup;
			children = (
				277D9BA4233869650049CE49 /* Interfaces */,
				277D9B9F2338694D0049CE49 /* RepositoryBase.swift */,
				277D9B9E2338694D0049CE49 /* UserRepository.swift */,
			);
			path = Repositories;
			sourceTree = "<group>";
		};
		277D9B912338682B0049CE49 /* Views */ = {
			isa = PBXGroup;
			children = (
				277D9BAE233869D60049CE49 /* LoginPage */,
			);
			path = Views;
			sourceTree = "<group>";
		};
		277D9B97233869190049CE49 /* Interfaces */ = {
			isa = PBXGroup;
			children = (
				277D9B982338692C0049CE49 /* IServiceBase.swift */,
				277D9B992338692C0049CE49 /* IUserService.swift */,
			);
			path = Interfaces;
			sourceTree = "<group>";
		};
		277D9BA4233869650049CE49 /* Interfaces */ = {
			isa = PBXGroup;
			children = (
				277D9BA5233869720049CE49 /* IUserRepository.swift */,
				277D9BA6233869720049CE49 /* IRepositoryBase.swift */,
			);
			path = Interfaces;
			sourceTree = "<group>";
		};
		277D9BA92338699F0049CE49 /* Domain */ = {
			isa = PBXGroup;
			children = (
				277D9BAA233869AB0049CE49 /* Entity.swift */,
				277D9BAC233869B40049CE49 /* User.swift */,
			);
			path = Domain;
			sourceTree = "<group>";
		};
		277D9BAE233869D60049CE49 /* LoginPage */ = {
			isa = PBXGroup;
			children = (
				275D8CCC23385B7E0017763B /* ViewController.swift */,
			);
			name = LoginPage;
			sourceTree = "<group>";
		};
		277D9BAF233869F80049CE49 /* Utils */ = {
			isa = PBXGroup;
			children = (
				277D9BB023386A000049CE49 /* AlertUtil.swift */,
				277D9BB223386A000049CE49 /* SettingsUtil.swift */,
			);
			path = Utils;
			sourceTree = "<group>";
		};
/* End PBXGroup section */

/* Begin PBXNativeTarget section */
		275D8CC623385B7E0017763B /* PerfectMenu */ = {
			isa = PBXNativeTarget;
			buildConfigurationList = 275D8CD923385B7F0017763B /* Build configuration list for PBXNativeTarget "PerfectMenu" */;
			buildPhases = (
				275D8CC323385B7E0017763B /* Sources */,
				275D8CC423385B7E0017763B /* Frameworks */,
				275D8CC523385B7E0017763B /* Resources */,
			);
			buildRules = (
			);
			dependencies = (
			);
			name = PerfectMenu;
			productName = PerfectMenu;
			productReference = 275D8CC723385B7E0017763B /* PerfectMenu.app */;
			productType = "com.apple.product-type.application";
		};
/* End PBXNativeTarget section */

/* Begin PBXProject section */
		275D8CBF23385B7E0017763B /* Project object */ = {
			isa = PBXProject;
			attributes = {
				LastSwiftUpdateCheck = 1030;
				LastUpgradeCheck = 1030;
				ORGANIZATIONNAME = "Carlos José Bulado";
				TargetAttributes = {
					275D8CC623385B7E0017763B = {
						CreatedOnToolsVersion = 10.3;
					};
				};
			};
			buildConfigurationList = 275D8CC223385B7E0017763B /* Build configuration list for PBXProject "PerfectMenu" */;
			compatibilityVersion = "Xcode 9.3";
			developmentRegion = en;
			hasScannedForEncodings = 0;
			knownRegions = (
				en,
				Base,
			);
			mainGroup = 275D8CBE23385B7E0017763B;
			productRefGroup = 275D8CC823385B7E0017763B /* Products */;
			projectDirPath = "";
			projectRoot = "";
			targets = (
				275D8CC623385B7E0017763B /* PerfectMenu */,
			);
		};
/* End PBXProject section */

/* Begin PBXResourcesBuildPhase section */
		275D8CC523385B7E0017763B /* Resources */ = {
			isa = PBXResourcesBuildPhase;
			buildActionMask = 2147483647;
			files = (
				275D8CD523385B7F0017763B /* LaunchScreen.storyboard in Resources */,
				275D8CD223385B7F0017763B /* Assets.xcassets in Resources */,
				275D8CD023385B7E0017763B /* Main.storyboard in Resources */,
			);
			runOnlyForDeploymentPostprocessing = 0;
		};
/* End PBXResourcesBuildPhase section */

/* Begin PBXSourcesBuildPhase section */
		275D8CC323385B7E0017763B /* Sources */ = {
			isa = PBXSourcesBuildPhase;
			buildActionMask = 2147483647;
			files = (
				277D9BA8233869720049CE49 /* IUserRepository.swift in Sources */,
				277D9B95233868DC0049CE49 /* UserService.swift in Sources */,
				275D8CCD23385B7E0017763B /* ViewController.swift in Sources */,
				277D9BA7233869720049CE49 /* IRepositoryBase.swift in Sources */,
				277D9B9A2338692C0049CE49 /* IServiceBase.swift in Sources */,
				275D8CCB23385B7E0017763B /* AppDelegate.swift in Sources */,
				277D9BB423386A000049CE49 /* AlertUtil.swift in Sources */,
				277D9B9B2338692C0049CE49 /* IUserService.swift in Sources */,
				277D9BAB233869AB0049CE49 /* Entity.swift in Sources */,
				277D9BAD233869B40049CE49 /* User.swift in Sources */,
				277D9BA22338694D0049CE49 /* UserRepository.swift in Sources */,
				277D9BA32338694D0049CE49 /* RepositoryBase.swift in Sources */,
				277D9B93233868B60049CE49 /* ServiceBase.swift in Sources */,
				277D9BB623386A000049CE49 /* SettingsUtil.swift in Sources */,
			);
			runOnlyForDeploymentPostprocessing = 0;
		};
/* End PBXSourcesBuildPhase section */

/* Begin PBXVariantGroup section */
		275D8CCE23385B7E0017763B /* Main.storyboard */ = {
			isa = PBXVariantGroup;
			children = (
				275D8CCF23385B7E0017763B /* Base */,
			);
			name = Main.storyboard;
			sourceTree = "<group>";
		};
		275D8CD323385B7F0017763B /* LaunchScreen.storyboard */ = {
			isa = PBXVariantGroup;
			children = (
				275D8CD423385B7F0017763B /* Base */,
			);
			name = LaunchScreen.storyboard;
			sourceTree = "<group>";
		};
/* End PBXVariantGroup section */

/* Begin XCBuildConfiguration section */
		275D8CD723385B7F0017763B /* Debug */ = {
			isa = XCBuildConfiguration;
			buildSettings = {
				ALWAYS_SEARCH_USER_PATHS = NO;
				CLANG_ANALYZER_NONNULL = YES;
				CLANG_ANALYZER_NUMBER_OBJECT_CONVERSION = YES_AGGRESSIVE;
				CLANG_CXX_LANGUAGE_STANDARD = "gnu++14";
				CLANG_CXX_LIBRARY = "libc++";
				CLANG_ENABLE_MODULES = YES;
				CLANG_ENABLE_OBJC_ARC = YES;
				CLANG_ENABLE_OBJC_WEAK = YES;
				CLANG_WARN_BLOCK_CAPTURE_AUTORELEASING = YES;
				CLANG_WARN_BOOL_CONVERSION = YES;
				CLANG_WARN_COMMA = YES;
				CLANG_WARN_CONSTANT_CONVERSION = YES;
				CLANG_WARN_DEPRECATED_OBJC_IMPLEMENTATIONS = YES;
				CLANG_WARN_DIRECT_OBJC_ISA_USAGE = YES_ERROR;
				CLANG_WARN_DOCUMENTATION_COMMENTS = YES;
				CLANG_WARN_EMPTY_BODY = YES;
				CLANG_WARN_ENUM_CONVERSION = YES;
				CLANG_WARN_INFINITE_RECURSION = YES;
				CLANG_WARN_INT_CONVERSION = YES;
				CLANG_WARN_NON_LITERAL_NULL_CONVERSION = YES;
				CLANG_WARN_OBJC_IMPLICIT_RETAIN_SELF = YES;
				CLANG_WARN_OBJC_LITERAL_CONVERSION = YES;
				CLANG_WARN_OBJC_ROOT_CLASS = YES_ERROR;
				CLANG_WARN_RANGE_LOOP_ANALYSIS = YES;
				CLANG_WARN_STRICT_PROTOTYPES = YES;
				CLANG_WARN_SUSPICIOUS_MOVE = YES;
				CLANG_WARN_UNGUARDED_AVAILABILITY = YES_AGGRESSIVE;
				CLANG_WARN_UNREACHABLE_CODE = YES;
				CLANG_WARN__DUPLICATE_METHOD_MATCH = YES;
				CODE_SIGN_IDENTITY = "iPhone Developer";
				COPY_PHASE_STRIP = NO;
				DEBUG_INFORMATION_FORMAT = dwarf;
				ENABLE_STRICT_OBJC_MSGSEND = YES;
				ENABLE_TESTABILITY = YES;
				GCC_C_LANGUAGE_STANDARD = gnu11;
				GCC_DYNAMIC_NO_PIC = NO;
				GCC_NO_COMMON_BLOCKS = YES;
				GCC_OPTIMIZATION_LEVEL = 0;
				GCC_PREPROCESSOR_DEFINITIONS = (
					"DEBUG=1",
					"$(inherited)",
				);
				GCC_WARN_64_TO_32_BIT_CONVERSION = YES;
				GCC_WARN_ABOUT_RETURN_TYPE = YES_ERROR;
				GCC_WARN_UNDECLARED_SELECTOR = YES;
				GCC_WARN_UNINITIALIZED_AUTOS = YES_AGGRESSIVE;
				GCC_WARN_UNUSED_FUNCTION = YES;
				GCC_WARN_UNUSED_VARIABLE = YES;
				IPHONEOS_DEPLOYMENT_TARGET = 12.4;
				MTL_ENABLE_DEBUG_INFO = INCLUDE_SOURCE;
				MTL_FAST_MATH = YES;
				ONLY_ACTIVE_ARCH = YES;
				SDKROOT = iphoneos;
				SWIFT_ACTIVE_COMPILATION_CONDITIONS = DEBUG;
				SWIFT_OPTIMIZATION_LEVEL = "-Onone";
			};
			name = Debug;
		};
		275D8CD823385B7F0017763B /* Release */ = {
			isa = XCBuildConfiguration;
			buildSettings = {
				ALWAYS_SEARCH_USER_PATHS = NO;
				CLANG_ANALYZER_NONNULL = YES;
				CLANG_ANALYZER_NUMBER_OBJECT_CONVERSION = YES_AGGRESSIVE;
				CLANG_CXX_LANGUAGE_STANDARD = "gnu++14";
				CLANG_CXX_LIBRARY = "libc++";
				CLANG_ENABLE_MODULES = YES;
				CLANG_ENABLE_OBJC_ARC = YES;
				CLANG_ENABLE_OBJC_WEAK = YES;
				CLANG_WARN_BLOCK_CAPTURE_AUTORELEASING = YES;
				CLANG_WARN_BOOL_CONVERSION = YES;
				CLANG_WARN_COMMA = YES;
				CLANG_WARN_CONSTANT_CONVERSION = YES;
				CLANG_WARN_DEPRECATED_OBJC_IMPLEMENTATIONS = YES;
				CLANG_WARN_DIRECT_OBJC_ISA_USAGE = YES_ERROR;
				CLANG_WARN_DOCUMENTATION_COMMENTS = YES;
				CLANG_WARN_EMPTY_BODY = YES;
				CLANG_WARN_ENUM_CONVERSION = YES;
				CLANG_WARN_INFINITE_RECURSION = YES;
				CLANG_WARN_INT_CONVERSION = YES;
				CLANG_WARN_NON_LITERAL_NULL_CONVERSION = YES;
				CLANG_WARN_OBJC_IMPLICIT_RETAIN_SELF = YES;
				CLANG_WARN_OBJC_LITERAL_CONVERSION = YES;
				CLANG_WARN_OBJC_ROOT_CLASS = YES_ERROR;
				CLANG_WARN_RANGE_LOOP_ANALYSIS = YES;
				CLANG_WARN_STRICT_PROTOTYPES = YES;
				CLANG_WARN_SUSPICIOUS_MOVE = YES;
				CLANG_WARN_UNGUARDED_AVAILABILITY = YES_AGGRESSIVE;
				CLANG_WARN_UNREACHABLE_CODE = YES;
				CLANG_WARN__DUPLICATE_METHOD_MATCH = YES;
				CODE_SIGN_IDENTITY = "iPhone Developer";
				COPY_PHASE_STRIP = NO;
				DEBUG_INFORMATION_FORMAT = "dwarf-with-dsym";
				ENABLE_NS_ASSERTIONS = NO;
				ENABLE_STRICT_OBJC_MSGSEND = YES;
				GCC_C_LANGUAGE_STANDARD = gnu11;
				GCC_NO_COMMON_BLOCKS = YES;
				GCC_WARN_64_TO_32_BIT_CONVERSION = YES;
				GCC_WARN_ABOUT_RETURN_TYPE = YES_ERROR;
				GCC_WARN_UNDECLARED_SELECTOR = YES;
				GCC_WARN_UNINITIALIZED_AUTOS = YES_AGGRESSIVE;
				GCC_WARN_UNUSED_FUNCTION = YES;
				GCC_WARN_UNUSED_VARIABLE = YES;
				IPHONEOS_DEPLOYMENT_TARGET = 12.4;
				MTL_ENABLE_DEBUG_INFO = NO;
				MTL_FAST_MATH = YES;
				SDKROOT = iphoneos;
				SWIFT_COMPILATION_MODE = wholemodule;
				SWIFT_OPTIMIZATION_LEVEL = "-O";
				VALIDATE_PRODUCT = YES;
			};
			name = Release;
		};
		275D8CDA23385B7F0017763B /* Debug */ = {
			isa = XCBuildConfiguration;
			buildSettings = {
				ASSETCATALOG_COMPILER_APPICON_NAME = AppIcon;
				CODE_SIGN_STYLE = Automatic;
				DEVELOPMENT_TEAM = U3658C25H4;
				INFOPLIST_FILE = PerfectMenu/Info.plist;
				LD_RUNPATH_SEARCH_PATHS = (
					"$(inherited)",
					"@executable_path/Frameworks",
				);
				PRODUCT_BUNDLE_IDENTIFIER = carlosbulado.PerfectMenu;
				PRODUCT_NAME = "$(TARGET_NAME)";
				SWIFT_VERSION = 5.0;
				TARGETED_DEVICE_FAMILY = "1,2";
			};
			name = Debug;
		};
		275D8CDB23385B7F0017763B /* Release */ = {
			isa = XCBuildConfiguration;
			buildSettings = {
				ASSETCATALOG_COMPILER_APPICON_NAME = AppIcon;
				CODE_SIGN_STYLE = Automatic;
				DEVELOPMENT_TEAM = U3658C25H4;
				INFOPLIST_FILE = PerfectMenu/Info.plist;
				LD_RUNPATH_SEARCH_PATHS = (
					"$(inherited)",
					"@executable_path/Frameworks",
				);
				PRODUCT_BUNDLE_IDENTIFIER = carlosbulado.PerfectMenu;
				PRODUCT_NAME = "$(TARGET_NAME)";
				SWIFT_VERSION = 5.0;
				TARGETED_DEVICE_FAMILY = "1,2";
			};
			name = Release;
		};
/* End XCBuildConfiguration section */

/* Begin XCConfigurationList section */
		275D8CC223385B7E0017763B /* Build configuration list for PBXProject "PerfectMenu" */ = {
			isa = XCConfigurationList;
			buildConfigurations = (
				275D8CD723385B7F0017763B /* Debug */,
				275D8CD823385B7F0017763B /* Release */,
			);
			defaultConfigurationIsVisible = 0;
			defaultConfigurationName = Release;
		};
		275D8CD923385B7F0017763B /* Build configuration list for PBXNativeTarget "PerfectMenu" */ = {
			isa = XCConfigurationList;
			buildConfigurations = (
				275D8CDA23385B7F0017763B /* Debug */,
				275D8CDB23385B7F0017763B /* Release */,
			);
			defaultConfigurationIsVisible = 0;
			defaultConfigurationName = Release;
		};
/* End XCConfigurationList section */
	};
	rootObject = 275D8CBF23385B7E0017763B /* Project object */;
}
